
Microsoft Visual Studio Solution File, Format Version 12.00
# Visual Studio Version 17
VisualStudioVersion = 17.2.32630.192
MinimumVisualStudioVersion = 10.0.40219.1
Project("{2150E333-8FDC-42A3-9474-1A3956D46DE8}") = "Presentation", "Presentation", "{A523BB29-EDAA-4D2A-8E86-31DC431E6C57}"
EndProject
Project("{FAE04EC0-301F-11D3-BF4B-00C04F79EFBC}") = "API", "Presentation\API\API.csproj", "{8F2AED06-D602-4E1F-A2E2-68D7ED40EE30}"
EndProject
Global
	GlobalSection(SolutionConfigurationPlatforms) = preSolution
		Debug|Any CPU = Debug|Any CPU
		Release|Any CPU = Release|Any CPU
	EndGlobalSection
	GlobalSection(ProjectConfigurationPlatforms) = postSolution
		{8F2AED06-D602-4E1F-A2E2-68D7ED40EE30}.Debug|Any CPU.ActiveCfg = Debug|Any CPU
		{8F2AED06-D602-4E1F-A2E2-68D7ED40EE30}.Debug|Any CPU.Build.0 = Debug|Any CPU
		{8F2AED06-D602-4E1F-A2E2-68D7ED40EE30}.Release|Any CPU.ActiveCfg = Release|Any CPU
		{8F2AED06-D602-4E1F-A2E2-68D7ED40EE30}.Release|Any CPU.Build.0 = Release|Any CPU
	EndGlobalSection
	GlobalSection(SolutionProperties) = preSolution
		HideSolutionNode = FALSE
	EndGlobalSection
	GlobalSection(NestedProjects) = preSolution
		{8F2AED06-D602-4E1F-A2E2-68D7ED40EE30} = {A523BB29-EDAA-4D2A-8E86-31DC431E6C57}
	EndGlobalSection
	GlobalSection(ExtensibilityGlobals) = postSolution
		SolutionGuid = {2845B6B4-61A9-4C23-B107-9D50FA137602}
	EndGlobalSection
EndGlobal
